
Microsoft Visual Studio Solution File, Format Version 12.00
# Visual Studio 15
VisualStudioVersion = 15.0.28307.329
MinimumVisualStudioVersion = 10.0.40219.1
Project("{FAE04EC0-301F-11D3-BF4B-00C04F79EFBC}") = "ImgToAsciiFromUrl", "ImgToAsciiFromUrl\ImgToAsciiFromUrl.csproj", "{2F6C2AC8-4A85-4277-B09D-BD466C7B676E}"
EndProject
Global
	GlobalSection(SolutionConfigurationPlatforms) = preSolution
		Debug|Any CPU = Debug|Any CPU
		Release|Any CPU = Release|Any CPU
	EndGlobalSection
	GlobalSection(ProjectConfigurationPlatforms) = postSolution
		{2F6C2AC8-4A85-4277-B09D-BD466C7B676E}.Debug|Any CPU.ActiveCfg = Debug|Any CPU
		{2F6C2AC8-4A85-4277-B09D-BD466C7B676E}.Debug|Any CPU.Build.0 = Debug|Any CPU
		{2F6C2AC8-4A85-4277-B09D-BD466C7B676E}.Release|Any CPU.ActiveCfg = Release|Any CPU
		{2F6C2AC8-4A85-4277-B09D-BD466C7B676E}.Release|Any CPU.Build.0 = Release|Any CPU
	EndGlobalSection
	GlobalSection(SolutionProperties) = preSolution
		HideSolutionNode = FALSE
	EndGlobalSection
	GlobalSection(ExtensibilityGlobals) = postSolution
		SolutionGuid = {6DBE8DE6-02AF-4398-B910-7E44F24F5FEF}
	EndGlobalSection
EndGlobal
